
Microsoft Visual Studio Solution File, Format Version 12.00
# Visual Studio Version 17
VisualStudioVersion = 17.9.34728.123
MinimumVisualStudioVersion = 10.0.40219.1
Project("{FAE04EC0-301F-11D3-BF4B-00C04F79EFBC}") = "INTERFACES", "INTERFACES\INTERFACES.csproj", "{5D6846EB-3144-4328-99C5-F771381964EB}"
EndProject
Project("{FAE04EC0-301F-11D3-BF4B-00C04F79EFBC}") = "DAO.Mock", "DAO.Mock\DAO.Mock.csproj", "{4C5A809D-8066-47F3-A305-20B797DB6987}"
EndProject
Project("{FAE04EC0-301F-11D3-BF4B-00C04F79EFBC}") = "DAO.File", "DAO.File\DAO.File.csproj", "{74DB9F9B-E126-4FD7-8569-52107C4EBCCD}"
EndProject
Project("{FAE04EC0-301F-11D3-BF4B-00C04F79EFBC}") = "DAO.SQL", "DAO.SQL\DAO.SQL.csproj", "{20BE5C8A-4512-435F-BE20-6A06E72A2D14}"
EndProject
Project("{FAE04EC0-301F-11D3-BF4B-00C04F79EFBC}") = "BLC", "BLC\BLC.csproj", "{08728387-9E70-4267-8560-99729941B707}"
EndProject
Project("{FAE04EC0-301F-11D3-BF4B-00C04F79EFBC}") = "CORE", "CORE\CORE.csproj", "{EC567F10-49E1-4A44-9A4F-69C3F1AB9DA8}"
EndProject
Project("{FAE04EC0-301F-11D3-BF4B-00C04F79EFBC}") = "UI.Desktop", "UI.Desktop\UI.Desktop.csproj", "{A595D9C2-0375-45CC-87C9-943E17A70CEE}"
EndProject
Project("{FAE04EC0-301F-11D3-BF4B-00C04F79EFBC}") = "UI.Web", "UI.Web\UI.Web.csproj", "{9600A863-893D-46F7-BCF8-2B2043ACD5F3}"
EndProject
Global
	GlobalSection(SolutionConfigurationPlatforms) = preSolution
		Debug|Any CPU = Debug|Any CPU
		Debug|x64 = Debug|x64
		Debug|x86 = Debug|x86
		Release|Any CPU = Release|Any CPU
		Release|x64 = Release|x64
		Release|x86 = Release|x86
	EndGlobalSection
	GlobalSection(ProjectConfigurationPlatforms) = postSolution
		{5D6846EB-3144-4328-99C5-F771381964EB}.Debug|Any CPU.ActiveCfg = Debug|Any CPU
		{5D6846EB-3144-4328-99C5-F771381964EB}.Debug|Any CPU.Build.0 = Debug|Any CPU
		{5D6846EB-3144-4328-99C5-F771381964EB}.Debug|x64.ActiveCfg = Debug|Any CPU
		{5D6846EB-3144-4328-99C5-F771381964EB}.Debug|x64.Build.0 = Debug|Any CPU
		{5D6846EB-3144-4328-99C5-F771381964EB}.Debug|x86.ActiveCfg = Debug|Any CPU
		{5D6846EB-3144-4328-99C5-F771381964EB}.Debug|x86.Build.0 = Debug|Any CPU
		{5D6846EB-3144-4328-99C5-F771381964EB}.Release|Any CPU.ActiveCfg = Release|Any CPU
		{5D6846EB-3144-4328-99C5-F771381964EB}.Release|Any CPU.Build.0 = Release|Any CPU
		{5D6846EB-3144-4328-99C5-F771381964EB}.Release|x64.ActiveCfg = Release|Any CPU
		{5D6846EB-3144-4328-99C5-F771381964EB}.Release|x64.Build.0 = Release|Any CPU
		{5D6846EB-3144-4328-99C5-F771381964EB}.Release|x86.ActiveCfg = Release|Any CPU
		{5D6846EB-3144-4328-99C5-F771381964EB}.Release|x86.Build.0 = Release|Any CPU
		{4C5A809D-8066-47F3-A305-20B797DB6987}.Debug|Any CPU.ActiveCfg = Debug|Any CPU
		{4C5A809D-8066-47F3-A305-20B797DB6987}.Debug|Any CPU.Build.0 = Debug|Any CPU
		{4C5A809D-8066-47F3-A305-20B797DB6987}.Debug|x64.ActiveCfg = Debug|Any CPU
		{4C5A809D-8066-47F3-A305-20B797DB6987}.Debug|x64.Build.0 = Debug|Any CPU
		{4C5A809D-8066-47F3-A305-20B797DB6987}.Debug|x86.ActiveCfg = Debug|Any CPU
		{4C5A809D-8066-47F3-A305-20B797DB6987}.Debug|x86.Build.0 = Debug|Any CPU
		{4C5A809D-8066-47F3-A305-20B797DB6987}.Release|Any CPU.ActiveCfg = Release|Any CPU
		{4C5A809D-8066-47F3-A305-20B797DB6987}.Release|Any CPU.Build.0 = Release|Any CPU
		{4C5A809D-8066-47F3-A305-20B797DB6987}.Release|x64.ActiveCfg = Release|Any CPU
		{4C5A809D-8066-47F3-A305-20B797DB6987}.Release|x64.Build.0 = Release|Any CPU
		{4C5A809D-8066-47F3-A305-20B797DB6987}.Release|x86.ActiveCfg = Release|Any CPU
		{4C5A809D-8066-47F3-A305-20B797DB6987}.Release|x86.Build.0 = Release|Any CPU
		{74DB9F9B-E126-4FD7-8569-52107C4EBCCD}.Debug|Any CPU.ActiveCfg = Debug|Any CPU
		{74DB9F9B-E126-4FD7-8569-52107C4EBCCD}.Debug|Any CPU.Build.0 = Debug|Any CPU
		{74DB9F9B-E126-4FD7-8569-52107C4EBCCD}.Debug|x64.ActiveCfg = Debug|Any CPU
		{74DB9F9B-E126-4FD7-8569-52107C4EBCCD}.Debug|x64.Build.0 = Debug|Any CPU
		{74DB9F9B-E126-4FD7-8569-52107C4EBCCD}.Debug|x86.ActiveCfg = Debug|Any CPU
		{74DB9F9B-E126-4FD7-8569-52107C4EBCCD}.Debug|x86.Build.0 = Debug|Any CPU
		{74DB9F9B-E126-4FD7-8569-52107C4EBCCD}.Release|Any CPU.ActiveCfg = Release|Any CPU
		{74DB9F9B-E126-4FD7-8569-52107C4EBCCD}.Release|Any CPU.Build.0 = Release|Any CPU
		{74DB9F9B-E126-4FD7-8569-52107C4EBCCD}.Release|x64.ActiveCfg = Release|Any CPU
		{74DB9F9B-E126-4FD7-8569-52107C4EBCCD}.Release|x64.Build.0 = Release|Any CPU
		{74DB9F9B-E126-4FD7-8569-52107C4EBCCD}.Release|x86.ActiveCfg = Release|Any CPU
		{74DB9F9B-E126-4FD7-8569-52107C4EBCCD}.Release|x86.Build.0 = Release|Any CPU
		{20BE5C8A-4512-435F-BE20-6A06E72A2D14}.Debug|Any CPU.ActiveCfg = Debug|Any CPU
		{20BE5C8A-4512-435F-BE20-6A06E72A2D14}.Debug|Any CPU.Build.0 = Debug|Any CPU
		{20BE5C8A-4512-435F-BE20-6A06E72A2D14}.Debug|x64.ActiveCfg = Debug|Any CPU
		{20BE5C8A-4512-435F-BE20-6A06E72A2D14}.Debug|x64.Build.0 = Debug|Any CPU
		{20BE5C8A-4512-435F-BE20-6A06E72A2D14}.Debug|x86.ActiveCfg = Debug|Any CPU
		{20BE5C8A-4512-435F-BE20-6A06E72A2D14}.Debug|x86.Build.0 = Debug|Any CPU
		{20BE5C8A-4512-435F-BE20-6A06E72A2D14}.Release|Any CPU.ActiveCfg = Release|Any CPU
		{20BE5C8A-4512-435F-BE20-6A06E72A2D14}.Release|Any CPU.Build.0 = Release|Any CPU
		{20BE5C8A-4512-435F-BE20-6A06E72A2D14}.Release|x64.ActiveCfg = Release|Any CPU
		{20BE5C8A-4512-435F-BE20-6A06E72A2D14}.Release|x64.Build.0 = Release|Any CPU
		{20BE5C8A-4512-435F-BE20-6A06E72A2D14}.Release|x86.ActiveCfg = Release|Any CPU
		{20BE5C8A-4512-435F-BE20-6A06E72A2D14}.Release|x86.Build.0 = Release|Any CPU
		{08728387-9E70-4267-8560-99729941B707}.Debug|Any CPU.ActiveCfg = Debug|Any CPU
		{08728387-9E70-4267-8560-99729941B707}.Debug|Any CPU.Build.0 = Debug|Any CPU
		{08728387-9E70-4267-8560-99729941B707}.Debug|x64.ActiveCfg = Debug|Any CPU
		{08728387-9E70-4267-8560-99729941B707}.Debug|x64.Build.0 = Debug|Any CPU
		{08728387-9E70-4267-8560-99729941B707}.Debug|x86.ActiveCfg = Debug|Any CPU
		{08728387-9E70-4267-8560-99729941B707}.Debug|x86.Build.0 = Debug|Any CPU
		{08728387-9E70-4267-8560-99729941B707}.Release|Any CPU.ActiveCfg = Release|Any CPU
		{08728387-9E70-4267-8560-99729941B707}.Release|Any CPU.Build.0 = Release|Any CPU
		{08728387-9E70-4267-8560-99729941B707}.Release|x64.ActiveCfg = Release|Any CPU
		{08728387-9E70-4267-8560-99729941B707}.Release|x64.Build.0 = Release|Any CPU
		{08728387-9E70-4267-8560-99729941B707}.Release|x86.ActiveCfg = Release|Any CPU
		{08728387-9E70-4267-8560-99729941B707}.Release|x86.Build.0 = Release|Any CPU
		{EC567F10-49E1-4A44-9A4F-69C3F1AB9DA8}.Debug|Any CPU.ActiveCfg = Debug|Any CPU
		{EC567F10-49E1-4A44-9A4F-69C3F1AB9DA8}.Debug|Any CPU.Build.0 = Debug|Any CPU
		{EC567F10-49E1-4A44-9A4F-69C3F1AB9DA8}.Debug|x64.ActiveCfg = Debug|Any CPU
		{EC567F10-49E1-4A44-9A4F-69C3F1AB9DA8}.Debug|x64.Build.0 = Debug|Any CPU
		{EC567F10-49E1-4A44-9A4F-69C3F1AB9DA8}.Debug|x86.ActiveCfg = Debug|Any CPU
		{EC567F10-49E1-4A44-9A4F-69C3F1AB9DA8}.Debug|x86.Build.0 = Debug|Any CPU
		{EC567F10-49E1-4A44-9A4F-69C3F1AB9DA8}.Release|Any CPU.ActiveCfg = Release|Any CPU
		{EC567F10-49E1-4A44-9A4F-69C3F1AB9DA8}.Release|Any CPU.Build.0 = Release|Any CPU
		{EC567F10-49E1-4A44-9A4F-69C3F1AB9DA8}.Release|x64.ActiveCfg = Release|Any CPU
		{EC567F10-49E1-4A44-9A4F-69C3F1AB9DA8}.Release|x64.Build.0 = Release|Any CPU
		{EC567F10-49E1-4A44-9A4F-69C3F1AB9DA8}.Release|x86.ActiveCfg = Release|Any CPU
		{EC567F10-49E1-4A44-9A4F-69C3F1AB9DA8}.Release|x86.Build.0 = Release|Any CPU
		{A595D9C2-0375-45CC-87C9-943E17A70CEE}.Debug|Any CPU.ActiveCfg = Debug|Any CPU
		{A595D9C2-0375-45CC-87C9-943E17A70CEE}.Debug|Any CPU.Build.0 = Debug|Any CPU
		{A595D9C2-0375-45CC-87C9-943E17A70CEE}.Debug|x64.ActiveCfg = Debug|Any CPU
		{A595D9C2-0375-45CC-87C9-943E17A70CEE}.Debug|x64.Build.0 = Debug|Any CPU
		{A595D9C2-0375-45CC-87C9-943E17A70CEE}.Debug|x86.ActiveCfg = Debug|Any CPU
		{A595D9C2-0375-45CC-87C9-943E17A70CEE}.Debug|x86.Build.0 = Debug|Any CPU
		{A595D9C2-0375-45CC-87C9-943E17A70CEE}.Release|Any CPU.ActiveCfg = Release|Any CPU
		{A595D9C2-0375-45CC-87C9-943E17A70CEE}.Release|Any CPU.Build.0 = Release|Any CPU
		{A595D9C2-0375-45CC-87C9-943E17A70CEE}.Release|x64.ActiveCfg = Release|Any CPU
		{A595D9C2-0375-45CC-87C9-943E17A70CEE}.Release|x64.Build.0 = Release|Any CPU
		{A595D9C2-0375-45CC-87C9-943E17A70CEE}.Release|x86.ActiveCfg = Release|Any CPU
		{A595D9C2-0375-45CC-87C9-943E17A70CEE}.Release|x86.Build.0 = Release|Any CPU
		{9600A863-893D-46F7-BCF8-2B2043ACD5F3}.Debug|Any CPU.ActiveCfg = Debug|Any CPU
		{9600A863-893D-46F7-BCF8-2B2043ACD5F3}.Debug|Any CPU.Build.0 = Debug|Any CPU
		{9600A863-893D-46F7-BCF8-2B2043ACD5F3}.Debug|x64.ActiveCfg = Debug|Any CPU
		{9600A863-893D-46F7-BCF8-2B2043ACD5F3}.Debug|x64.Build.0 = Debug|Any CPU
		{9600A863-893D-46F7-BCF8-2B2043ACD5F3}.Debug|x86.ActiveCfg = Debug|Any CPU
		{9600A863-893D-46F7-BCF8-2B2043ACD5F3}.Debug|x86.Build.0 = Debug|Any CPU
		{9600A863-893D-46F7-BCF8-2B2043ACD5F3}.Release|Any CPU.ActiveCfg = Release|Any CPU
		{9600A863-893D-46F7-BCF8-2B2043ACD5F3}.Release|Any CPU.Build.0 = Release|Any CPU
		{9600A863-893D-46F7-BCF8-2B2043ACD5F3}.Release|x64.ActiveCfg = Release|Any CPU
		{9600A863-893D-46F7-BCF8-2B2043ACD5F3}.Release|x64.Build.0 = Release|Any CPU
		{9600A863-893D-46F7-BCF8-2B2043ACD5F3}.Release|x86.ActiveCfg = Release|Any CPU
		{9600A863-893D-46F7-BCF8-2B2043ACD5F3}.Release|x86.Build.0 = Release|Any CPU
	EndGlobalSection
	GlobalSection(SolutionProperties) = preSolution
		HideSolutionNode = FALSE
	EndGlobalSection
	GlobalSection(ExtensibilityGlobals) = postSolution
		SolutionGuid = {85A0922B-CD25-4230-93A3-5C0E7AAF8F0A}
	EndGlobalSection
EndGlobal
